[[package]]
name = "et-xmlfile"
version = "1.1.0"
description = "An implementation of lxml.xmlfile for the standard library"
category = "main"
optional = false
python-versions = ">=3.6"

[[package]]
name = "openpyxl"
version = "3.1.1"
description = "A Python library to read/write Excel 2010 xlsx/xlsm files"
category = "main"
optional = false
python-versions = ">=3.6"

[package.dependencies]
et-xmlfile = "*"

[metadata]
lock-version = "1.1"
python-versions = "^3.8"
content-hash = "cc1558ad7142bd6aea23a7bf515d99300ff17ccefc3cd3498627bf0d05fd331c"

[metadata.files]
et-xmlfile = []
openpyxl = []
